
Microsoft Visual Studio Solution File, Format Version 12.00
# Visual Studio 15
VisualStudioVersion = 15.0.27004.2008
MinimumVisualStudioVersion = 10.0.40219.1
Project("{8BC9CEB8-8B4A-11D0-8D11-00A0C91BC942}") = "Project2", "Project2\Project2.vcxproj", "{A7D4AF2B-4A11-44E2-9239-2166824A5333}"
EndProject
Project("{8BC9CEB8-8B4A-11D0-8D11-00A0C91BC942}") = "SampleDriverA", "SampleDriverA\SampleDriverA.vcxproj", "{C4AA89F3-F1D9-408E-A3F2-F31A5ED8ED48}"
EndProject
Project("{8BC9CEB8-8B4A-11D0-8D11-00A0C91BC942}") = "SampleDriverB", "SampleDriverB\SampleDriverB.vcxproj", "{E6508AA2-BC4C-4FEA-84EF-7C35D43A2CE0}"
EndProject
Project("{8BC9CEB8-8B4A-11D0-8D11-00A0C91BC942}") = "TestDriverFactory", "TestDriverFactory\TestDriverFactory.vcxproj", "{5482CB41-6D9B-45A8-88C5-388CA589ABA4}"
EndProject
Project("{8BC9CEB8-8B4A-11D0-8D11-00A0C91BC942}") = "TestHarness", "TestHarness\TestHarness.vcxproj", "{B9598AB4-FF93-42EB-9631-2A028B53A06A}"
EndProject
Project("{8BC9CEB8-8B4A-11D0-8D11-00A0C91BC942}") = "Logger", "Logger\Logger.vcxproj", "{6030AD1D-0E41-4EE3-B533-4091B59631D6}"
EndProject
Project("{8BC9CEB8-8B4A-11D0-8D11-00A0C91BC942}") = "Executive", "Executive\Executive.vcxproj", "{E6E2E6B0-5A7D-48CF-8624-B8D951F20664}"
EndProject
Global
	GlobalSection(SolutionConfigurationPlatforms) = preSolution
		Debug|x64 = Debug|x64
		Debug|x86 = Debug|x86
		Release|x64 = Release|x64
		Release|x86 = Release|x86
	EndGlobalSection
	GlobalSection(ProjectConfigurationPlatforms) = postSolution
		{A7D4AF2B-4A11-44E2-9239-2166824A5333}.Debug|x64.ActiveCfg = Debug|x64
		{A7D4AF2B-4A11-44E2-9239-2166824A5333}.Debug|x64.Build.0 = Debug|x64
		{A7D4AF2B-4A11-44E2-9239-2166824A5333}.Debug|x86.ActiveCfg = Debug|Win32
		{A7D4AF2B-4A11-44E2-9239-2166824A5333}.Debug|x86.Build.0 = Debug|Win32
		{A7D4AF2B-4A11-44E2-9239-2166824A5333}.Release|x64.ActiveCfg = Release|x64
		{A7D4AF2B-4A11-44E2-9239-2166824A5333}.Release|x64.Build.0 = Release|x64
		{A7D4AF2B-4A11-44E2-9239-2166824A5333}.Release|x86.ActiveCfg = Release|Win32
		{A7D4AF2B-4A11-44E2-9239-2166824A5333}.Release|x86.Build.0 = Release|Win32
		{C4AA89F3-F1D9-408E-A3F2-F31A5ED8ED48}.Debug|x64.ActiveCfg = Debug|x64
		{C4AA89F3-F1D9-408E-A3F2-F31A5ED8ED48}.Debug|x64.Build.0 = Debug|x64
		{C4AA89F3-F1D9-408E-A3F2-F31A5ED8ED48}.Debug|x86.ActiveCfg = Debug|Win32
		{C4AA89F3-F1D9-408E-A3F2-F31A5ED8ED48}.Debug|x86.Build.0 = Debug|Win32
		{C4AA89F3-F1D9-408E-A3F2-F31A5ED8ED48}.Release|x64.ActiveCfg = Release|x64
		{C4AA89F3-F1D9-408E-A3F2-F31A5ED8ED48}.Release|x64.Build.0 = Release|x64
		{C4AA89F3-F1D9-408E-A3F2-F31A5ED8ED48}.Release|x86.ActiveCfg = Release|Win32
		{C4AA89F3-F1D9-408E-A3F2-F31A5ED8ED48}.Release|x86.Build.0 = Release|Win32
		{E6508AA2-BC4C-4FEA-84EF-7C35D43A2CE0}.Debug|x64.ActiveCfg = Debug|x64
		{E6508AA2-BC4C-4FEA-84EF-7C35D43A2CE0}.Debug|x64.Build.0 = Debug|x64
		{E6508AA2-BC4C-4FEA-84EF-7C35D43A2CE0}.Debug|x86.ActiveCfg = Debug|Win32
		{E6508AA2-BC4C-4FEA-84EF-7C35D43A2CE0}.Debug|x86.Build.0 = Debug|Win32
		{E6508AA2-BC4C-4FEA-84EF-7C35D43A2CE0}.Release|x64.ActiveCfg = Release|x64
		{E6508AA2-BC4C-4FEA-84EF-7C35D43A2CE0}.Release|x64.Build.0 = Release|x64
		{E6508AA2-BC4C-4FEA-84EF-7C35D43A2CE0}.Release|x86.ActiveCfg = Release|Win32
		{E6508AA2-BC4C-4FEA-84EF-7C35D43A2CE0}.Release|x86.Build.0 = Release|Win32
		{5482CB41-6D9B-45A8-88C5-388CA589ABA4}.Debug|x64.ActiveCfg = Debug|x64
		{5482CB41-6D9B-45A8-88C5-388CA589ABA4}.Debug|x64.Build.0 = Debug|x64
		{5482CB41-6D9B-45A8-88C5-388CA589ABA4}.Debug|x86.ActiveCfg = Debug|Win32
		{5482CB41-6D9B-45A8-88C5-388CA589ABA4}.Debug|x86.Build.0 = Debug|Win32
		{5482CB41-6D9B-45A8-88C5-388CA589ABA4}.Release|x64.ActiveCfg = Release|x64
		{5482CB41-6D9B-45A8-88C5-388CA589ABA4}.Release|x64.Build.0 = Release|x64
		{5482CB41-6D9B-45A8-88C5-388CA589ABA4}.Release|x86.ActiveCfg = Release|Win32
		{5482CB41-6D9B-45A8-88C5-388CA589ABA4}.Release|x86.Build.0 = Release|Win32
		{B9598AB4-FF93-42EB-9631-2A028B53A06A}.Debug|x64.ActiveCfg = Debug|x64
		{B9598AB4-FF93-42EB-9631-2A028B53A06A}.Debug|x64.Build.0 = Debug|x64
		{B9598AB4-FF93-42EB-9631-2A028B53A06A}.Debug|x86.ActiveCfg = Debug|Win32
		{B9598AB4-FF93-42EB-9631-2A028B53A06A}.Debug|x86.Build.0 = Debug|Win32
		{B9598AB4-FF93-42EB-9631-2A028B53A06A}.Release|x64.ActiveCfg = Release|x64
		{B9598AB4-FF93-42EB-9631-2A028B53A06A}.Release|x64.Build.0 = Release|x64
		{B9598AB4-FF93-42EB-9631-2A028B53A06A}.Release|x86.ActiveCfg = Release|Win32
		{B9598AB4-FF93-42EB-9631-2A028B53A06A}.Release|x86.Build.0 = Release|Win32
		{6030AD1D-0E41-4EE3-B533-4091B59631D6}.Debug|x64.ActiveCfg = Debug|x64
		{6030AD1D-0E41-4EE3-B533-4091B59631D6}.Debug|x64.Build.0 = Debug|x64
		{6030AD1D-0E41-4EE3-B533-4091B59631D6}.Debug|x86.ActiveCfg = Debug|Win32
		{6030AD1D-0E41-4EE3-B533-4091B59631D6}.Debug|x86.Build.0 = Debug|Win32
		{6030AD1D-0E41-4EE3-B533-4091B59631D6}.Release|x64.ActiveCfg = Release|x64
		{6030AD1D-0E41-4EE3-B533-4091B59631D6}.Release|x64.Build.0 = Release|x64
		{6030AD1D-0E41-4EE3-B533-4091B59631D6}.Release|x86.ActiveCfg = Release|Win32
		{6030AD1D-0E41-4EE3-B533-4091B59631D6}.Release|x86.Build.0 = Release|Win32
		{E6E2E6B0-5A7D-48CF-8624-B8D951F20664}.Debug|x64.ActiveCfg = Debug|x64
		{E6E2E6B0-5A7D-48CF-8624-B8D951F20664}.Debug|x64.Build.0 = Debug|x64
		{E6E2E6B0-5A7D-48CF-8624-B8D951F20664}.Debug|x86.ActiveCfg = Debug|Win32
		{E6E2E6B0-5A7D-48CF-8624-B8D951F20664}.Debug|x86.Build.0 = Debug|Win32
		{E6E2E6B0-5A7D-48CF-8624-B8D951F20664}.Release|x64.ActiveCfg = Release|x64
		{E6E2E6B0-5A7D-48CF-8624-B8D951F20664}.Release|x64.Build.0 = Release|x64
		{E6E2E6B0-5A7D-48CF-8624-B8D951F20664}.Release|x86.ActiveCfg = Release|Win32
		{E6E2E6B0-5A7D-48CF-8624-B8D951F20664}.Release|x86.Build.0 = Release|Win32
	EndGlobalSection
	GlobalSection(SolutionProperties) = preSolution
		HideSolutionNode = FALSE
	EndGlobalSection
	GlobalSection(ExtensibilityGlobals) = postSolution
		SolutionGuid = {F19F9F9A-2330-42B6-BC20-851F37F7B53B}
	EndGlobalSection
EndGlobal
